
Microsoft Visual Studio Solution File, Format Version 12.00
# Visual Studio Version 16
VisualStudioVersion = 16.0.32929.386
MinimumVisualStudioVersion = 10.0.40219.1
Project("{FAE04EC0-301F-11D3-BF4B-00C04F79EFBC}") = "MyWeatherService01", "MyWeatherService01\MyWeatherService01.csproj", "{B7C9BEC0-7612-4E2C-9E73-E6819ABF61B8}"
EndProject
Global
	GlobalSection(SolutionConfigurationPlatforms) = preSolution
		Debug|Any CPU = Debug|Any CPU
		Release|Any CPU = Release|Any CPU
	EndGlobalSection
	GlobalSection(ProjectConfigurationPlatforms) = postSolution
		{B7C9BEC0-7612-4E2C-9E73-E6819ABF61B8}.Debug|Any CPU.ActiveCfg = Debug|Any CPU
		{B7C9BEC0-7612-4E2C-9E73-E6819ABF61B8}.Debug|Any CPU.Build.0 = Debug|Any CPU
		{B7C9BEC0-7612-4E2C-9E73-E6819ABF61B8}.Release|Any CPU.ActiveCfg = Release|Any CPU
		{B7C9BEC0-7612-4E2C-9E73-E6819ABF61B8}.Release|Any CPU.Build.0 = Release|Any CPU
	EndGlobalSection
	GlobalSection(SolutionProperties) = preSolution
		HideSolutionNode = FALSE
	EndGlobalSection
	GlobalSection(ExtensibilityGlobals) = postSolution
		SolutionGuid = {D3DEA009-A26F-4BD4-8AEA-BF2A5E89CEF9}
	EndGlobalSection
EndGlobal
